
Microsoft Visual Studio Solution File, Format Version 12.00
# Visual Studio Version 17
VisualStudioVersion = 17.3.32901.215
MinimumVisualStudioVersion = 10.0.40219.1
Project("{8BC9CEB8-8B4A-11D0-8D11-00A0C91BC942}") = "Week05MFCCounter", "Week05MFCCounter\Week05MFCCounter.vcxproj", "{71951047-0721-4FFC-9B9D-DBAB75B97662}"
EndProject
Global
	GlobalSection(SolutionConfigurationPlatforms) = preSolution
		Debug|x64 = Debug|x64
		Debug|x86 = Debug|x86
		Release|x64 = Release|x64
		Release|x86 = Release|x86
	EndGlobalSection
	GlobalSection(ProjectConfigurationPlatforms) = postSolution
		{71951047-0721-4FFC-9B9D-DBAB75B97662}.Debug|x64.ActiveCfg = Debug|x64
		{71951047-0721-4FFC-9B9D-DBAB75B97662}.Debug|x64.Build.0 = Debug|x64
		{71951047-0721-4FFC-9B9D-DBAB75B97662}.Debug|x86.ActiveCfg = Debug|Win32
		{71951047-0721-4FFC-9B9D-DBAB75B97662}.Debug|x86.Build.0 = Debug|Win32
		{71951047-0721-4FFC-9B9D-DBAB75B97662}.Release|x64.ActiveCfg = Release|x64
		{71951047-0721-4FFC-9B9D-DBAB75B97662}.Release|x64.Build.0 = Release|x64
		{71951047-0721-4FFC-9B9D-DBAB75B97662}.Release|x86.ActiveCfg = Release|Win32
		{71951047-0721-4FFC-9B9D-DBAB75B97662}.Release|x86.Build.0 = Release|Win32
	EndGlobalSection
	GlobalSection(SolutionProperties) = preSolution
		HideSolutionNode = FALSE
	EndGlobalSection
	GlobalSection(ExtensibilityGlobals) = postSolution
		SolutionGuid = {3E34D2C3-3179-4D04-B8CE-6023B8518275}
	EndGlobalSection
EndGlobal
